{
    "_meta": {
        "hash": {
            "sha256": "7df26138b1c408158375a62cd005c75b984e43aa27b0c3e688d5b7784d035988"
        },
        "pipfile-spec": 6,
        "requires": {
            "python_version": "3.8"
        },
        "sources": [
            {
                "name": "pypi",
                "url": "https://pypi.org/simple",
                "verify_ssl": true
            }
        ]
    },
    "default": {
        "connectorx": {
            "hashes": [
                "sha256:0b80acca13326856c14ee726b47699011ab1baa10897180240c8783423ca5e8c",
                "sha256:3f6431a30304271f9137bd7854d2850231041f95164c6b749d9ede4c0d92d10c",
                "sha256:4009b16399457340326137a223921a24e3e166b45db4dbf3ef637b9981914dc2",
                "sha256:4473fc06ac3618c673cea63a7050e721fe536782d5c1b6e433589c37a63de704",
                "sha256:4b1920c191be9a372629c31c92d5f71fc63f49f283e5adfc4111169de40427d9",
                "sha256:6b5f518194a2cf12d5ad031d488ded4e4678eff3b63551856f2a6f1a83197bb8",
                "sha256:74f5b93535663cf47f9fc3d7964f93e652c07003fa71c38d7a68f42167f54bba",
                "sha256:7c5959bfb4a049bb8ce1f590b5824cd1105460b6552ffec336c4bd740eebd5bd",
                "sha256:8cc6c963237c3d3b02f7dcd47e1be9fc6e8b93ef0aeed8694f65c62b3c4688a1",
                "sha256:9403902685b3423cba786db01a36f36efef90ae3d429e45b74dadb4ae9e328dc",
                "sha256:98274242c64a2831a8b1c86e0fa2c46a557dd8cbcf00c3adcf5a602455fb02d7",
                "sha256:a5602ae0531e55c58af8cfca92b8e9454fc1ccd82c801cff8ee0f17c728b4988",
                "sha256:b370ebe8f44d2049254dd506f17c62322cc2db1b782a57f22cce01ddcdcc8fed",
                "sha256:c4387bb27ba3acde0ab6921fdafa3811e09fce0db3d1f1ede8547d9de3aab685",
                "sha256:d5277fc936a80da3d1dcf889020e45da3493179070d9be8a47500c7001fab967",
                "sha256:e2b11ba49efd330a7348bef3ce09c98218eea21d92a12dd75cd8f0ade5c99ffc"
            ],
            "version": "==0.3.2"
        },
        "cx-oracle": {
            "hashes": [
                "sha256:076ffb71279d6b2dcbf7df028f62a01e18ce5bb73d8b01eab582bf14a62f4a61",
                "sha256:07f01608dfb6603a8f2a868fc7c7bdc951480f187df8dbc50f4d48c884874e6a",
                "sha256:3b2d215af4441463c97ea469b9cc307460739f89fdfa8ea222ea3518f1a424d9",
                "sha256:3baa878597c5fadb2c72f359f548431c7be001e722ce4a4ebdf3d2293a1bb70b",
                "sha256:410747d542e5f94727f5f0e42e9706c772cf9094fb348ce965ab88b3a9e4d2d8",
                "sha256:4b3afe7a911cebaceda908228d36839f6441cbd38e5df491ec25960562bb01a0",
                "sha256:4c82ca74442c298ceec56d207450c192e06ecf8ad52eb4aaad0812e147ceabf7",
                "sha256:54164974d526b76fdefb0b66a42b68e1fca5df78713d0eeb8c1d0047b83f6bcf",
                "sha256:70d3cf030aefd71f99b45beba77237b2af448adf5e26be0db3d0d3dee6ea4230",
                "sha256:715a8bbda5982af484ded14d184304cc552c1096c82471dd2948298470e88a04",
                "sha256:b6a23da225f03f50a81980c61dbd6a358c3575f212ca7f4c22bb65a9faf94f7f",
                "sha256:b82e4b165ffd807a2bd256259a6b81b0a2452883d39f987509e2292d494ea163",
                "sha256:b902db61dcdcbbf8dd981f5a46d72fef40c5150c7fc0eb0f0698b462d6eb834e",
                "sha256:bf01ce87edb4ef663b2e5bd604e1e0154d2cc2f12b60301f788b569d9db8a900",
                "sha256:de42bdc882abdc5cea54597da27a05593b44143728e5b629ad5d35decb1a2036",
                "sha256:df412238a9948340591beee9ec64fa62a2efacc0d91107034a7023e2991fba97"
            ],
            "index": "pypi",
            "version": "==8.3.0"
        },
        "greenlet": {
            "hashes": [
                "sha256:0a02d259510b3630f330c86557331a3b0e0c79dac3d166e449a39363beaae174",
                "sha256:0b6f9f8ca7093fd4433472fd99b5650f8a26dcd8ba410e14094c1e44cd3ceddd",
                "sha256:100f78a29707ca1525ea47388cec8a049405147719f47ebf3895e7509c6446aa",
                "sha256:1757936efea16e3f03db20efd0cd50a1c86b06734f9f7338a90c4ba85ec2ad5a",
                "sha256:19075157a10055759066854a973b3d1325d964d498a805bb68a1f9af4aaef8ec",
                "sha256:19bbdf1cce0346ef7341705d71e2ecf6f41a35c311137f29b8a2dc2341374565",
                "sha256:20107edf7c2c3644c67c12205dc60b1bb11d26b2610b276f97d666110d1b511d",
                "sha256:22f79120a24aeeae2b4471c711dcf4f8c736a2bb2fabad2a67ac9a55ea72523c",
                "sha256:2847e5d7beedb8d614186962c3d774d40d3374d580d2cbdab7f184580a39d234",
                "sha256:28e89e232c7593d33cac35425b58950789962011cc274aa43ef8865f2e11f46d",
                "sha256:329c5a2e5a0ee942f2992c5e3ff40be03e75f745f48847f118a3cfece7a28546",
                "sha256:337322096d92808f76ad26061a8f5fccb22b0809bea39212cd6c406f6a7060d2",
                "sha256:3fcc780ae8edbb1d050d920ab44790201f027d59fdbd21362340a85c79066a74",
                "sha256:41bdeeb552d814bcd7fb52172b304898a35818107cc8778b5101423c9017b3de",
                "sha256:4eddd98afc726f8aee1948858aed9e6feeb1758889dfd869072d4465973f6bfd",
                "sha256:52e93b28db27ae7d208748f45d2db8a7b6a380e0d703f099c949d0f0d80b70e9",
                "sha256:55d62807f1c5a1682075c62436702aaba941daa316e9161e4b6ccebbbf38bda3",
                "sha256:5805e71e5b570d490938d55552f5a9e10f477c19400c38bf1d5190d760691846",
                "sha256:599daf06ea59bfedbec564b1692b0166a0045f32b6f0933b0dd4df59a854caf2",
                "sha256:60d5772e8195f4e9ebf74046a9121bbb90090f6550f81d8956a05387ba139353",
                "sha256:696d8e7d82398e810f2b3622b24e87906763b6ebfd90e361e88eb85b0e554dc8",
                "sha256:6e6061bf1e9565c29002e3c601cf68569c450be7fc3f7336671af7ddb4657166",
                "sha256:80ac992f25d10aaebe1ee15df45ca0d7571d0f70b645c08ec68733fb7a020206",
                "sha256:816bd9488a94cba78d93e1abb58000e8266fa9cc2aa9ccdd6eb0696acb24005b",
                "sha256:85d2b77e7c9382f004b41d9c72c85537fac834fb141b0296942d52bf03fe4a3d",
                "sha256:87c8ceb0cf8a5a51b8008b643844b7f4a8264a2c13fcbcd8a8316161725383fe",
                "sha256:89ee2e967bd7ff85d84a2de09df10e021c9b38c7d91dead95b406ed6350c6997",
                "sha256:8bef097455dea90ffe855286926ae02d8faa335ed8e4067326257cb571fc1445",
                "sha256:8d11ebbd679e927593978aa44c10fc2092bc454b7d13fdc958d3e9d508aba7d0",
                "sha256:91e6c7db42638dc45cf2e13c73be16bf83179f7859b07cfc139518941320be96",
                "sha256:97e7ac860d64e2dcba5c5944cfc8fa9ea185cd84061c623536154d5a89237884",
                "sha256:990066bff27c4fcf3b69382b86f4c99b3652bab2a7e685d968cd4d0cfc6f67c6",
                "sha256:9fbc5b8f3dfe24784cee8ce0be3da2d8a79e46a276593db6868382d9c50d97b1",
                "sha256:ac4a39d1abae48184d420aa8e5e63efd1b75c8444dd95daa3e03f6c6310e9619",
                "sha256:b2c02d2ad98116e914d4f3155ffc905fd0c025d901ead3f6ed07385e19122c94",
                "sha256:b2d3337dcfaa99698aa2377c81c9ca72fcd89c07e7eb62ece3f23a3fe89b2ce4",
                "sha256:b489c36d1327868d207002391f662a1d163bdc8daf10ab2e5f6e41b9b96de3b1",
                "sha256:b641161c302efbb860ae6b081f406839a8b7d5573f20a455539823802c655f63",
                "sha256:b8ba29306c5de7717b5761b9ea74f9c72b9e2b834e24aa984da99cbfc70157fd",
                "sha256:b9934adbd0f6e476f0ecff3c94626529f344f57b38c9a541f87098710b18af0a",
                "sha256:ce85c43ae54845272f6f9cd8320d034d7a946e9773c693b27d620edec825e376",
                "sha256:cf868e08690cb89360eebc73ba4be7fb461cfbc6168dd88e2fbbe6f31812cd57",
                "sha256:d2905ce1df400360463c772b55d8e2518d0e488a87cdea13dd2c71dcb2a1fa16",
                "sha256:d57e20ba591727da0c230ab2c3f200ac9d6d333860d85348816e1dca4cc4792e",
                "sha256:d6a8c9d4f8692917a3dc7eb25a6fb337bff86909febe2f793ec1928cd97bedfc",
                "sha256:d923ff276f1c1f9680d32832f8d6c040fe9306cbfb5d161b0911e9634be9ef0a",
                "sha256:daa7197b43c707462f06d2c693ffdbb5991cbb8b80b5b984007de431493a319c",
                "sha256:dbd4c177afb8a8d9ba348d925b0b67246147af806f0b104af4d24f144d461cd5",
                "sha256:dc4d815b794fd8868c4d67602692c21bf5293a75e4b607bb92a11e821e2b859a",
                "sha256:e9d21aaa84557d64209af04ff48e0ad5e28c5cca67ce43444e939579d085da72",
                "sha256:ea6b8aa9e08eea388c5f7a276fabb1d4b6b9d6e4ceb12cc477c3d352001768a9",
                "sha256:eabe7090db68c981fca689299c2d116400b553f4b713266b130cfc9e2aa9c5a9",
                "sha256:f2f6d303f3dee132b322a14cd8765287b8f86cdc10d2cb6a6fae234ea488888e",
                "sha256:f33f3258aae89da191c6ebaa3bc517c6c4cbc9b9f689e5d8452f7aedbb913fa8",
                "sha256:f7bfb769f7efa0eefcd039dd19d843a4fbfbac52f1878b1da2ed5793ec9b1a65",
                "sha256:f89e21afe925fcfa655965ca8ea10f24773a1791400989ff32f467badfe4a064",
                "sha256:fa24255ae3c0ab67e613556375a4341af04a084bd58764731972bcbc8baeba36"
            ],
            "markers": "python_version >= '3' and platform_machine == 'aarch64' or (platform_machine == 'ppc64le' or (platform_machine == 'x86_64' or (platform_machine == 'amd64' or (platform_machine == 'AMD64' or (platform_machine == 'win32' or platform_machine == 'WIN32')))))",
            "version": "==3.0.1"
        },
        "jaydebeapi": {
            "hashes": [
                "sha256:d6256bdad1e14414225fbc839f7d56922ea3abc06153f3a57490fee909fecd64",
                "sha256:f25e9307fbb5960cb035394c26e37731b64cc465b197c4344cee85ec450ab92f",
                "sha256:fbfbc7e41d7b35af08df6376a73637820c71a1373b40244b135bd07f3e865c81"
            ],
            "index": "pypi",
            "version": "==1.2.3"
        },
        "jpype1": {
            "hashes": [
                "sha256:000556d5839ffbe61c12f1fa41cbfd4e9a0abe103e0100febacc069d75defa8f",
                "sha256:0099e77c6e99af13089b1c89cd99681b485fbf74daa492ee38e35d90d6349ffc",
                "sha256:04ea4be3e9471bf62ccdeccc2417ad6b9a300effcc0e5f6af9534eafa14e3978",
                "sha256:213f7154a7cc859dead7143cfee255bd3ce57938e0a5f2250b6768af0cef62c8",
                "sha256:233a6a1a9c7f3633e7d74c14039f7ea35df81e138241f1acc8f94f65a8bd086e",
                "sha256:24e601a31fb3b44decd5389ea87cbc39aaa0c61980c39b060561f9dc604f4cc5",
                "sha256:34373696c3457f1d686639d928ef53b6a121203d9c0e651ed44dd3adf78bedb3",
                "sha256:5473a89d2cab327e38382fd69d1209517bad44158fb3ee9e699ebfeb5bc1cd51",
                "sha256:5d960ce12c3913242f9e4a11e55afa9c38e1a5410d0a38cc5a21086415c38a02",
                "sha256:6089cd28067d77e5b4a09e272525ecd70f838b92a7c08d91d4fa7d192ec3f3bb",
                "sha256:7039db1a522af55cf89f6a4a72120f8b074abcde2535543da34616640ecbb3c1",
                "sha256:7622d07408e6d9a89e9eb70d4a9a675e51d5411657ac434ccec23cc94b828d9c",
                "sha256:8692a7b14e807b224673010a648ab12415d3bc32323e351f03e6c64814ee319b",
                "sha256:8c2fef2d0c298c8e69b2880ff866fa5db5f477ddd78ef310a357d697362c9f89",
                "sha256:8d94013dfed3d1c7ee193e86393b2aea756a9910d222b7167ed493f9a0b1b3d5",
                "sha256:9ce364d26ccbf7a21e35737f62663ce8d3aeb4e4b0f05d7e71f6126a6eb81059",
                "sha256:b9e29a0ea763c16d0fb05528785d4ed0fa56a421d600eca87e43398b569d2dea",
                "sha256:bd8bd76bf8741fa20d44ded776e6a3ea7fe103bcab7156f53ba7a72c50b7dd2f",
                "sha256:d483a6c3e6cb19065e71d322c4742efcfafc44bf1a67ef8ef75f78626158c3d9",
                "sha256:d85489a27c58b1b21feb8601406319b6a51d233ae9fa27de9b24c4dfea560b22",
                "sha256:dc8ee854073474ad79ae168d90c2f6893854f58936cfa18f3587cadae0d3696d"
            ],
            "markers": "python_version > '2.7' and platform_python_implementation != 'Jython'",
            "version": "==1.4.1"
        },
        "numpy": {
            "hashes": [
                "sha256:06934e1a22c54636a059215d6da99e23286424f316fddd979f5071093b648668",
                "sha256:1c59c046c31a43310ad0199d6299e59f57a289e22f0f36951ced1c9eac3665b9",
                "sha256:1d1bd82d539607951cac963388534da3b7ea0e18b149a53cf883d8f699178c0f",
                "sha256:1e11668d6f756ca5ef534b5be8653d16c5352cbb210a5c2a79ff288e937010d5",
                "sha256:3649d566e2fc067597125428db15d60eb42a4e0897fc48d28cb75dc2e0454e53",
                "sha256:59227c981d43425ca5e5c01094d59eb14e8772ce6975d4b2fc1e106a833d5ae2",
                "sha256:6081aed64714a18c72b168a9276095ef9155dd7888b9e74b5987808f0dd0a974",
                "sha256:6965888d65d2848e8768824ca8288db0a81263c1efccec881cb35a0d805fcd2f",
                "sha256:76ff661a867d9272cd2a99eed002470f46dbe0943a5ffd140f49be84f68ffc42",
                "sha256:78ca54b2f9daffa5f323f34cdf21e1d9779a54073f0018a3094ab907938331a2",
                "sha256:82e871307a6331b5f09efda3c22e03c095d957f04bf6bc1804f30048d0e5e7af",
                "sha256:8ab9163ca8aeb7fd32fe93866490654d2f7dda4e61bc6297bf72ce07fdc02f67",
                "sha256:9696aa2e35cc41e398a6d42d147cf326f8f9d81befcb399bc1ed7ffea339b64e",
                "sha256:97e5d6a9f0702c2863aaabf19f0d1b6c2628fbe476438ce0b5ce06e83085064c",
                "sha256:9f42284ebf91bdf32fafac29d29d4c07e5e9d1af862ea73686581773ef9e73a7",
                "sha256:a03fb25610ef560a6201ff06df4f8105292ba56e7cdd196ea350d123fc32e24e",
                "sha256:a5b411040beead47a228bde3b2241100454a6abde9df139ed087bd73fc0a4908",
                "sha256:af22f3d8e228d84d1c0c44c1fbdeb80f97a15a0abe4f080960393a00db733b66",
                "sha256:afd5ced4e5a96dac6725daeb5242a35494243f2239244fad10a90ce58b071d24",
                "sha256:b9d45d1dbb9de84894cc50efece5b09939752a2d75aab3a8b0cef6f3a35ecd6b",
                "sha256:bb894accfd16b867d8643fc2ba6c8617c78ba2828051e9a69511644ce86ce83e",
                "sha256:c8c6c72d4a9f831f328efb1312642a1cafafaa88981d9ab76368d50d07d93cbe",
                "sha256:cd7837b2b734ca72959a1caf3309457a318c934abef7a43a14bb984e574bbb9a",
                "sha256:cdd9ec98f0063d93baeb01aad472a1a0840dee302842a2746a7a8e92968f9575",
                "sha256:d1cfc92db6af1fd37a7bb58e55c8383b4aa1ba23d012bdbba26b4bcca45ac297",
                "sha256:d1d2c6b7dd618c41e202c59c1413ef9b2c8e8a15f5039e344af64195459e3104",
                "sha256:d2984cb6caaf05294b8466966627e80bf6c7afd273279077679cb010acb0e5ab",
                "sha256:d58e8c51a7cf43090d124d5073bc29ab2755822181fcad978b12e144e5e5a4b3",
                "sha256:d78f269e0c4fd365fc2992c00353e4530d274ba68f15e968d8bc3c69ce5f5244",
                "sha256:dcfaf015b79d1f9f9c9fd0731a907407dc3e45769262d657d754c3a028586124",
                "sha256:e44ccb93f30c75dfc0c3aa3ce38f33486a75ec9abadabd4e59f114994a9c4617",
                "sha256:e509cbc488c735b43b5ffea175235cec24bbc57b227ef1acc691725beb230d1c"
            ],
            "markers": "python_version < '3.11'",
            "version": "==1.26.1"
        },
        "packaging": {
            "hashes": [
                "sha256:048fb0e9405036518eaaf48a55953c750c11e1a1b68e0dd1a9d62ed0c092cfc5",
                "sha256:8c491190033a9af7e1d931d0b5dacc2ef47509b34dd0de67ed209b5203fc88c7"
            ],
            "markers": "python_version >= '3.7'",
            "version": "==23.2"
        },
        "pandas": {
            "hashes": [
                "sha256:021f09c15e1381e202d95d4a21ece8e7f2bf1388b6d7e9cae09dfe27bd2043d1",
                "sha256:02954e285e8e2f4006b6f22be6f0df1f1c3c97adbb7ed211c6b483426f20d5c8",
                "sha256:08d287b68fd28906a94564f15118a7ca8c242e50ae7f8bd91130c362b2108a81",
                "sha256:24057459f19db9ebb02984c6fdd164a970b31a95f38e4a49cf7615b36a1b532c",
                "sha256:25c9976c17311388fcd953cb3d0697999b2205333f4e11e669d90ff8d830d429",
                "sha256:3223f997b6d2ebf9c010260cf3d889848a93f5d22bb4d14cd32638b3d8bba7ad",
                "sha256:3f76280ce8ec216dde336e55b2b82e883401cf466da0fe3be317c03fb8ee7c7d",
                "sha256:52867d69a54e71666cd184b04e839cff7dfc8ed0cd6b936995117fdae8790b69",
                "sha256:52897edc2774d2779fbeb6880d2cfb305daa0b1a29c16b91f531a18918a6e0f3",
                "sha256:5aa6b86802e8cf7716bf4b4b5a3c99b12d34e9c6a9d06dad254447a620437931",
                "sha256:5b40c9f494e1f27588c369b9e4a6ca19cd924b3a0e1ef9ef1a8e30a07a438f43",
                "sha256:65177d1c519b55e5b7f094c660ed357bb7d86e799686bb71653b8a4803d8ff0d",
                "sha256:6ae6ffbd9d614c20d028c7117ee911fc4e266b4dca2065d5c5909e401f8ff683",
                "sha256:7ad20d24acf3a0042512b7e8d8fdc2e827126ed519d6bd1ed8e6c14ec8a2c813",
                "sha256:83c166b9bb27c1715bed94495d9598a7f02950b4749dba9349c1dd2cbf10729d",
                "sha256:851b5afbb0d62f6129ae891b533aa508cc357d5892c240c91933d945fff15731",
                "sha256:8d0382645ede2fde352da2a885aac28ec37d38587864c0689b4b2361d17b1d4c",
                "sha256:a6cf8fcc8a63d333970b950a7331a30544cf59b1a97baf0a7409e09eafc1ac38",
                "sha256:bbd98dcdcd32f408947afdb3f7434fade6edd408c3077bbce7bd840d654d92c6",
                "sha256:d594e2ce51b8e0b4074e6644758865dc2bb13fd654450c1eae51201260a539f1",
                "sha256:e78507adcc730533619de07bfdd1c62b2918a68cd4419ea386e28abf7f6a1e5c",
                "sha256:e7f12b2de0060b0b858cfec0016e7d980ae5bae455a1746bfcc70929100ee633",
                "sha256:e90c95abb3285d06f6e4feedafc134306a8eced93cb78e08cf50e224d5ce22e2",
                "sha256:eff794eeb7883c5aefb1ed572e7ff533ae779f6c6277849eab9e77986e352688",
                "sha256:fc4944dc004ca6cc701dfa19afb8bdb26ad36b9bed5bcec617d2a11e9cae6902"
            ],
            "index": "pypi",
            "version": "==2.1.2"
        },
        "polars": {
            "extras": [
                "connectorx",
                "pandas",
                "pyarrow"
            ],
            "hashes": [
                "sha256:0ece4c108c749b213fbba006eb39ffb3703be208121a625369bfe47048d321a0",
                "sha256:55b16602bcbf91b5ce888d1a588b47fcd9a35221b1a08c5a27cfe6d7cbd81be2",
                "sha256:69c9e6919a5113c75e059ba773f22ac1ff78d966ab5663f07dc0dc5ff916246c",
                "sha256:6efbc14c051bfc188c85ead71197ba0bd2fce7e6131061e28e8b280350d37a35",
                "sha256:9a47da843a425fb4d9aa23f69f6e855f0498cdfb9d35a93c0a5e377594649aac",
                "sha256:c308e501805d9ca256b695fd55974c6267f68e05a98ccd14430071a5f9c97be8"
            ],
            "index": "pypi",
            "version": "==0.19.12"
        },
        "profuturo": {
            "editable": true,
            "path": "."
        },
        "psycopg2": {
            "hashes": [
                "sha256:121081ea2e76729acfb0673ff33755e8703d45e926e416cb59bae3a86c6a4981",
                "sha256:38a8dcc6856f569068b47de286b472b7c473ac7977243593a288ebce0dc89516",
                "sha256:426f9f29bde126913a20a96ff8ce7d73fd8a216cfb323b1f04da402d452853c3",
                "sha256:5e0d98cade4f0e0304d7d6f25bbfbc5bd186e07b38eac65379309c4ca3193efa",
                "sha256:7e2dacf8b009a1c1e843b5213a87f7c544b2b042476ed7755be813eaf4e8347a",
                "sha256:a7653d00b732afb6fc597e29c50ad28087dcb4fbfb28e86092277a559ae4e693",
                "sha256:ade01303ccf7ae12c356a5e10911c9e1c51136003a9a1d92f7aa9d010fb98372",
                "sha256:bac58c024c9922c23550af2a581998624d6e02350f4ae9c5f0bc642c633a2d5e",
                "sha256:c92811b2d4c9b6ea0285942b2e7cac98a59e166d59c588fe5cfe1eda58e72d59",
                "sha256:d1454bde93fb1e224166811694d600e746430c006fbb031ea06ecc2ea41bf156",
                "sha256:d735786acc7dd25815e89cc4ad529a43af779db2e25aa7c626de864127e5a024",
                "sha256:de80739447af31525feddeb8effd640782cf5998e1a4e9192ebdf829717e3913",
                "sha256:ff432630e510709564c01dafdbe996cb552e0b9f3f065eb89bdce5bd31fabf4c"
            ],
            "index": "pypi",
            "version": "==2.9.9"
        },
        "pyarrow": {
            "hashes": [
                "sha256:09552dad5cf3de2dc0aba1c7c4b470754c69bd821f5faafc3d774bedc3b04bb7",
                "sha256:0f6eff839a9e40e9c5610d3ff8c5bdd2f10303408312caf4c8003285d0b49565",
                "sha256:1afcc2c33f31f6fb25c92d50a86b7a9f076d38acbcb6f9e74349636109550148",
                "sha256:3896ae6c205d73ad192d2fc1489cd0edfab9f12867c85b4c277af4d37383c18c",
                "sha256:47663efc9c395e31d09c6aacfa860f4473815ad6804311c5433f7085415d62a7",
                "sha256:51be67e29f3cfcde263a113c28e96aa04362ed8229cb7c6e5f5c719003659d33",
                "sha256:588f0d2da6cf1b1680974d63be09a6530fd1bd825dc87f76e162404779a157dc",
                "sha256:6241afd72b628787b4abea39e238e3ff9f34165273fad306c7acf780dd850956",
                "sha256:6647444b21cb5e68b593b970b2a9a07748dd74ea457c7dadaa15fd469c48ada1",
                "sha256:68fcd2dc1b7d9310b29a15949cdd0cb9bc34b6de767aff979ebf546020bf0ba0",
                "sha256:69b6f9a089d116a82c3ed819eea8fe67dae6105f0d81eaf0fdd5e60d0c6e0944",
                "sha256:70fa38cdc66b2fc1349a082987f2b499d51d072faaa6b600f71931150de2e0e3",
                "sha256:83333726e83ed44b0ac94d8d7a21bbdee4a05029c3b1e8db58a863eec8fd8a33",
                "sha256:868a073fd0ff6468ae7d869b5fc1f54de5c4255b37f44fb890385eb68b68f95d",
                "sha256:8b30a27f1cddf5c6efcb67e598d7823a1e253d743d92ac32ec1eb4b6a1417867",
                "sha256:aac0ae0146a9bfa5e12d87dda89d9ef7c57a96210b899459fc2f785303dcbb67",
                "sha256:ab1268db81aeb241200e321e220e7cd769762f386f92f61b898352dd27e402ce",
                "sha256:b9ba6b6d34bd2563345488cf444510588ea42ad5613df3b3509f48eb80250afd",
                "sha256:c51afd87c35c8331b56f796eff954b9c7f8d4b7fef5903daf4e05fcf017d23a8",
                "sha256:cd57b13a6466822498238877892a9b287b0a58c2e81e4bdb0b596dbb151cbb73",
                "sha256:d00d374a5625beeb448a7fa23060df79adb596074beb3ddc1838adb647b6ef09",
                "sha256:d1b4e7176443d12610874bb84d0060bf080f000ea9ed7c84b2801df851320295",
                "sha256:d7759994217c86c161c6a8060509cfdf782b952163569606bb373828afdd82e8",
                "sha256:dc6fd330fd574c51d10638e63c0d00ab456498fc804c9d01f2a61b9264f2c5b2",
                "sha256:e3ad79455c197a36eefbd90ad4aa832bece7f830a64396c15c61a0985e337287",
                "sha256:e66442e084979a97bb66939e18f7b8709e4ac5f887e636aba29486ffbf373763",
                "sha256:ee7490f0f3f16a6c38f8c680949551053c8194e68de5046e6c288e396dccee80",
                "sha256:f8ce69f7bf01de2e2764e14df45b8404fc6f1a5ed9871e8e08a12169f87b7a26",
                "sha256:fda7857e35993673fcda603c07d43889fca60a5b254052a462653f8656c64f44"
            ],
            "version": "==13.0.0"
        },
        "python-dateutil": {
            "hashes": [
                "sha256:0123cacc1627ae19ddf3c27a5de5bd67ee4586fbdd6440d9748f8abb483d3e86",
                "sha256:961d03dc3453ebbc59dbdea9e4e11c5651520a876d0f4db161e8674aae935da9"
            ],
            "markers": "python_version >= '2.7' and python_version not in '3.0, 3.1, 3.2, 3.3'",
            "version": "==2.8.2"
        },
        "python-dotenv": {
            "hashes": [
                "sha256:a8df96034aae6d2d50a4ebe8216326c61c3eb64836776504fcca410e5937a3ba",
                "sha256:f5971a9226b701070a4bf2c38c89e5a3f0d64de8debda981d1db98583009122a"
            ],
            "index": "pypi",
            "version": "==1.0.0"
        },
        "pytz": {
            "hashes": [
                "sha256:7b4fddbeb94a1eba4b557da24f19fdf9db575192544270a9101d8509f9f43d7b",
                "sha256:ce42d816b81b68506614c11e8937d3aa9e41007ceb50bfdcb0749b921bf646c7"
            ],
            "version": "==2023.3.post1"
        },
        "six": {
            "hashes": [
                "sha256:1e61c37477a1626458e36f7b1d82aa5c9b094fa4802892072e49de9c60c4c926",
                "sha256:8abb2f1d86890a2dfb989f9a77cfcfd3e47c2a354b01111771326f8aa26e0254"
            ],
            "markers": "python_version >= '2.7' and python_version not in '3.0, 3.1, 3.2, 3.3'",
            "version": "==1.16.0"
        },
        "sqlalchemy": {
            "hashes": [
                "sha256:0b7dbe6369677a2bea68fe9812c6e4bbca06ebfa4b5cde257b2b0bf208709131",
                "sha256:128a948bd40780667114b0297e2cc6d657b71effa942e0a368d8cc24293febb3",
                "sha256:14b0cacdc8a4759a1e1bd47dc3ee3f5db997129eb091330beda1da5a0e9e5bd7",
                "sha256:1fb9cb60e0f33040e4f4681e6658a7eb03b5cb4643284172f91410d8c493dace",
                "sha256:273505fcad22e58cc67329cefab2e436006fc68e3c5423056ee0513e6523268a",
                "sha256:2e70e0673d7d12fa6cd363453a0d22dac0d9978500aa6b46aa96e22690a55eab",
                "sha256:34e1c5d9cd3e6bf3d1ce56971c62a40c06bfc02861728f368dcfec8aeedb2814",
                "sha256:3b97ddf509fc21e10b09403b5219b06c5b558b27fc2453150274fa4e70707dbf",
                "sha256:3f6997da81114daef9203d30aabfa6b218a577fc2bd797c795c9c88c9eb78d49",
                "sha256:82dd4131d88395df7c318eeeef367ec768c2a6fe5bd69423f7720c4edb79473c",
                "sha256:85292ff52ddf85a39367057c3d7968a12ee1fb84565331a36a8fead346f08796",
                "sha256:8a7a66297e46f85a04d68981917c75723e377d2e0599d15fbe7a56abed5e2d75",
                "sha256:8b881ac07d15fb3e4f68c5a67aa5cdaf9eb8f09eb5545aaf4b0a5f5f4659be18",
                "sha256:a3257a6e09626d32b28a0c5b4f1a97bced585e319cfa90b417f9ab0f6145c33c",
                "sha256:a9bddb60566dc45c57fd0a5e14dd2d9e5f106d2241e0a2dc0c1da144f9444516",
                "sha256:bdb77e1789e7596b77fd48d99ec1d2108c3349abd20227eea0d48d3f8cf398d9",
                "sha256:c1db0221cb26d66294f4ca18c533e427211673ab86c1fbaca8d6d9ff78654293",
                "sha256:c4cb501d585aa74a0f86d0ea6263b9c5e1d1463f8f9071392477fd401bd3c7cc",
                "sha256:d00665725063692c42badfd521d0c4392e83c6c826795d38eb88fb108e5660e5",
                "sha256:d0fed0f791d78e7767c2db28d34068649dfeea027b83ed18c45a423f741425cb",
                "sha256:d69738d582e3a24125f0c246ed8d712b03bd21e148268421e4a4d09c34f521a5",
                "sha256:db4db3c08ffbb18582f856545f058a7a5e4ab6f17f75795ca90b3c38ee0a8ba4",
                "sha256:f1fcee5a2c859eecb4ed179edac5ffbc7c84ab09a5420219078ccc6edda45436",
                "sha256:f2d526aeea1bd6a442abc7c9b4b00386fd70253b80d54a0930c0a216230a35be",
                "sha256:fbaf6643a604aa17e7a7afd74f665f9db882df5c297bdd86c38368f2c471f37d"
            ],
            "index": "pypi",
            "version": "==1.4.50"
        },
        "tzdata": {
            "hashes": [
                "sha256:11ef1e08e54acb0d4f95bdb1be05da659673de4acbd21bf9c69e94cc5e907a3a",
                "sha256:7e65763eef3120314099b6939b5546db7adce1e7d6f2e179e3df563c70511eda"
            ],
            "markers": "python_version >= '2'",
            "version": "==2023.3"
        }
    },
    "develop": {
        "py4j": {
            "hashes": [
                "sha256:0b6e5315bb3ada5cf62ac651d107bb2ebc02def3dee9d9548e3baac644ea8dbb",
                "sha256:85defdfd2b2376eb3abf5ca6474b51ab7e0de341c75a02f46dc9b5976f5a5c1b"
            ],
            "version": "==0.10.9.7"
        },
        "pyspark": {
            "hashes": [
                "sha256:d41a9b76bd2aca370a6100d075c029e22ba44c5940927877e9435a3a9c566558"
            ],
            "index": "pypi",
            "version": "==3.5.0"
        },
        "types-psycopg2": {
            "hashes": [
                "sha256:cc80479def02e4dd1ef21649d82f04426c73bc0693bcc0a8b5223c7c168472af",
                "sha256:cf99b62ab32cd4ef412fc3c4da1c29ca5a130847dff06d709b84a523802406f0"
            ],
            "index": "pypi",
            "version": "==2.9.21.15"
        }
    }
}
