{
    "_meta": {
        "hash": {
            "sha256": "f96cdf303ae03b1a5cc6f513a8e82fd101621ef430872854012f2118b6e48fa4"
        },
        "pipfile-spec": 6,
        "requires": {
            "python_full_version": "3.10.11",
            "python_version": "3.10"
        },
        "sources": [
            {
                "name": "pypi",
                "url": "https://pypi.org/simple",
                "verify_ssl": true
            }
        ]
    },
    "default": {
        "greenlet": {
            "hashes": [
                "sha256:03a8f4f3430c3b3ff8d10a2a86028c660355ab637cee9333d63d66b56f09d52a",
                "sha256:0bf60faf0bc2468089bdc5edd10555bab6e85152191df713e2ab1fcc86382b5a",
                "sha256:18a7f18b82b52ee85322d7a7874e676f34ab319b9f8cce5de06067384aa8ff43",
                "sha256:18e98fb3de7dba1c0a852731c3070cf022d14f0d68b4c87a19cc1016f3bb8b33",
                "sha256:1a819eef4b0e0b96bb0d98d797bef17dc1b4a10e8d7446be32d1da33e095dbb8",
                "sha256:26fbfce90728d82bc9e6c38ea4d038cba20b7faf8a0ca53a9c07b67318d46088",
                "sha256:2780572ec463d44c1d3ae850239508dbeb9fed38e294c68d19a24d925d9223ca",
                "sha256:283737e0da3f08bd637b5ad058507e578dd462db259f7f6e4c5c365ba4ee9343",
                "sha256:2d4686f195e32d36b4d7cf2d166857dbd0ee9f3d20ae349b6bf8afc8485b3645",
                "sha256:2dd11f291565a81d71dab10b7033395b7a3a5456e637cf997a6f33ebdf06f8db",
                "sha256:30bcf80dda7f15ac77ba5af2b961bdd9dbc77fd4ac6105cee85b0d0a5fcf74df",
                "sha256:32e5b64b148966d9cccc2c8d35a671409e45f195864560829f395a54226408d3",
                "sha256:36abbf031e1c0f79dd5d596bfaf8e921c41df2bdf54ee1eed921ce1f52999a86",
                "sha256:3a06ad5312349fec0ab944664b01d26f8d1f05009566339ac6f63f56589bc1a2",
                "sha256:3a51c9751078733d88e013587b108f1b7a1fb106d402fb390740f002b6f6551a",
                "sha256:3c9b12575734155d0c09d6c3e10dbd81665d5c18e1a7c6597df72fd05990c8cf",
                "sha256:3f6ea9bd35eb450837a3d80e77b517ea5bc56b4647f5502cd28de13675ee12f7",
                "sha256:4b58adb399c4d61d912c4c331984d60eb66565175cdf4a34792cd9600f21b394",
                "sha256:4d2e11331fc0c02b6e84b0d28ece3a36e0548ee1a1ce9ddde03752d9b79bba40",
                "sha256:5454276c07d27a740c5892f4907c86327b632127dd9abec42ee62e12427ff7e3",
                "sha256:561091a7be172ab497a3527602d467e2b3fbe75f9e783d8b8ce403fa414f71a6",
                "sha256:6c3acb79b0bfd4fe733dff8bc62695283b57949ebcca05ae5c129eb606ff2d74",
                "sha256:703f18f3fda276b9a916f0934d2fb6d989bf0b4fb5a64825260eb9bfd52d78f0",
                "sha256:7492e2b7bd7c9b9916388d9df23fa49d9b88ac0640db0a5b4ecc2b653bf451e3",
                "sha256:76ae285c8104046b3a7f06b42f29c7b73f77683df18c49ab5af7983994c2dd91",
                "sha256:7cafd1208fdbe93b67c7086876f061f660cfddc44f404279c1585bbf3cdc64c5",
                "sha256:7efde645ca1cc441d6dc4b48c0f7101e8d86b54c8530141b09fd31cef5149ec9",
                "sha256:88d9ab96491d38a5ab7c56dd7a3cc37d83336ecc564e4e8816dbed12e5aaefc8",
                "sha256:8eab883b3b2a38cc1e050819ef06a7e6344d4a990d24d45bc6f2cf959045a45b",
                "sha256:910841381caba4f744a44bf81bfd573c94e10b3045ee00de0cbf436fe50673a6",
                "sha256:9190f09060ea4debddd24665d6804b995a9c122ef5917ab26e1566dcc712ceeb",
                "sha256:937e9020b514ceedb9c830c55d5c9872abc90f4b5862f89c0887033ae33c6f73",
                "sha256:94c817e84245513926588caf1152e3b559ff794d505555211ca041f032abbb6b",
                "sha256:971ce5e14dc5e73715755d0ca2975ac88cfdaefcaab078a284fea6cfabf866df",
                "sha256:9d14b83fab60d5e8abe587d51c75b252bcc21683f24699ada8fb275d7712f5a9",
                "sha256:9f35ec95538f50292f6d8f2c9c9f8a3c6540bbfec21c9e5b4b751e0a7c20864f",
                "sha256:a1846f1b999e78e13837c93c778dcfc3365902cfb8d1bdb7dd73ead37059f0d0",
                "sha256:acd2162a36d3de67ee896c43effcd5ee3de247eb00354db411feb025aa319857",
                "sha256:b0ef99cdbe2b682b9ccbb964743a6aca37905fda5e0452e5ee239b1654d37f2a",
                "sha256:b80f600eddddce72320dbbc8e3784d16bd3fb7b517e82476d8da921f27d4b249",
                "sha256:b864ba53912b6c3ab6bcb2beb19f19edd01a6bfcbdfe1f37ddd1778abfe75a30",
                "sha256:b9ec052b06a0524f0e35bd8790686a1da006bd911dd1ef7d50b77bfbad74e292",
                "sha256:ba2956617f1c42598a308a84c6cf021a90ff3862eddafd20c3333d50f0edb45b",
                "sha256:bdfea8c661e80d3c1c99ad7c3ff74e6e87184895bbaca6ee8cc61209f8b9b85d",
                "sha256:be4ed120b52ae4d974aa40215fcdfde9194d63541c7ded40ee12eb4dda57b76b",
                "sha256:c4302695ad8027363e96311df24ee28978162cdcdd2006476c43970b384a244c",
                "sha256:c48f54ef8e05f04d6eff74b8233f6063cb1ed960243eacc474ee73a2ea8573ca",
                "sha256:c9c59a2120b55788e800d82dfa99b9e156ff8f2227f07c5e3012a45a399620b7",
                "sha256:cd021c754b162c0fb55ad5d6b9d960db667faad0fa2ff25bb6e1301b0b6e6a75",
                "sha256:d27ec7509b9c18b6d73f2f5ede2622441de812e7b1a80bbd446cb0633bd3d5ae",
                "sha256:d5508f0b173e6aa47273bdc0a0b5ba055b59662ba7c7ee5119528f466585526b",
                "sha256:d75209eed723105f9596807495d58d10b3470fa6732dd6756595e89925ce2470",
                "sha256:db1a39669102a1d8d12b57de2bb7e2ec9066a6f2b3da35ae511ff93b01b5d564",
                "sha256:dbfcfc0218093a19c252ca8eb9aee3d29cfdcb586df21049b9d777fd32c14fd9",
                "sha256:e0f72c9ddb8cd28532185f54cc1453f2c16fb417a08b53a855c4e6a418edd099",
                "sha256:e7c8dc13af7db097bed64a051d2dd49e9f0af495c26995c00a9ee842690d34c0",
                "sha256:ea9872c80c132f4663822dd2a08d404073a5a9b5ba6155bea72fb2a79d1093b5",
                "sha256:eff4eb9b7eb3e4d0cae3d28c283dc16d9bed6b193c2e1ace3ed86ce48ea8df19",
                "sha256:f82d4d717d8ef19188687aa32b8363e96062911e63ba22a0cff7802a8e58e5f1",
                "sha256:fc3a569657468b6f3fb60587e48356fe512c1754ca05a564f11366ac9e306526"
            ],
            "markers": "platform_machine == 'aarch64' or (platform_machine == 'ppc64le' or (platform_machine == 'x86_64' or (platform_machine == 'amd64' or (platform_machine == 'AMD64' or (platform_machine == 'win32' or platform_machine == 'WIN32')))))",
            "version": "==2.0.2"
        },
        "psycopg2": {
            "hashes": [
                "sha256:11aca705ec888e4f4cea97289a0bf0f22a067a32614f6ef64fcf7b8bfbc53744",
                "sha256:1861a53a6a0fd248e42ea37c957d36950da00266378746588eab4f4b5649e95f",
                "sha256:2362ee4d07ac85ff0ad93e22c693d0f37ff63e28f0615a16b6635a645f4b9214",
                "sha256:36c941a767341d11549c0fbdbb2bf5be2eda4caf87f65dfcd7d146828bd27f39",
                "sha256:53f4ad0a3988f983e9b49a5d9765d663bbe84f508ed655affdb810af9d0972ad",
                "sha256:869776630c04f335d4124f120b7fb377fe44b0a7645ab3c34b4ba42516951889",
                "sha256:a8ad4a47f42aa6aec8d061fdae21eaed8d864d4bb0f0cade5ad32ca16fcd6258",
                "sha256:b81fcb9ecfc584f661b71c889edeae70bae30d3ef74fa0ca388ecda50b1222b7",
                "sha256:d24ead3716a7d093b90b27b3d73459fe8cd90fd7065cf43b3c40966221d8c394",
                "sha256:ded2faa2e6dfb430af7713d87ab4abbfc764d8d7fb73eafe96a24155f906ebf5",
                "sha256:f15158418fd826831b28585e2ab48ed8df2d0d98f502a2b4fe619e7d5ca29011",
                "sha256:f75001a1cbbe523e00b0ef896a5a1ada2da93ccd752b7636db5a99bc57c44494",
                "sha256:f7a7a5ee78ba7dc74265ba69e010ae89dae635eea0e97b055fb641a01a31d2b1"
            ],
            "index": "pypi",
            "version": "==2.9.6"
        },
        "sqlalchemy": {
            "hashes": [
                "sha256:0624852aec618438a4cd7a53ce00835435588506e6f8fbd60deaf9ac109f7cd0",
                "sha256:0ccd20b5a4e3511c2f0c889b7b79a7462b6c6aa2c06d0f4943c27a552e35e091",
                "sha256:0dd98b0be54503afc4c74e947720c3196f96fb2546bfa54d911d5de313c5463c",
                "sha256:0e53e4920cd5872280256ddf6ca843b5d1435e0302847992bcb90f84b744999f",
                "sha256:125c41b3557179e9a514a1cfe2764433177ba6195b2264725ceaa7a2e8afcbde",
                "sha256:1ab6ac214354957db83c72c65941af7e022d4c9324bdadc54d0266aa162a3828",
                "sha256:1d28e8278d943d9111d44720f92cc338282e956ed68849bfcee053c06bde4f39",
                "sha256:216b9c4dbeaa143a36c9249f9e5a0fd7fa6549a1a3f9de9a2d30104f7e35d8b9",
                "sha256:21f447403a1bfeb832a7384c4ac742b7baab04460632c0335e020e8e2c741d4b",
                "sha256:25bbf89e6f171d37cf3a993dbeee18cb85abe37a421c40e78131bf339e48da9d",
                "sha256:2a5fb41db86f6d4892edcf30bd67418dd757eb0246242648e610fa2bca7533d4",
                "sha256:2f9268d7417467e9fde5f4364c71ce490b18a4b83a6543b0d55d1f83fce42bda",
                "sha256:352dcd93e5a0421eee59dbac0000f8f811203cf228334d85d77b3ef075707322",
                "sha256:3728f7518aa70e5ce88fae4c68b5d7f25493f37d8d867e4a7d60905bd162cd0d",
                "sha256:384fdde6bd628d1a882f04aa9a40aa6928840b02d595ff5bd08abeae4c25f867",
                "sha256:409cc6cd15d4db5c5af2c4e2d3a2137815c31d065cea9a77dec92cbe7cfcf448",
                "sha256:5a2f95901e6bbed27b4ad5d59ab3f970eda0ce0b9ede3a67b6f9a914149ed71b",
                "sha256:62835d8cd6713458c032466c38a43e56503e19ea6e54b0e73295c6ab281fc0b1",
                "sha256:66f24708cebe5a4e900e221574b50e102908f60f539fea30f1922705c0e97744",
                "sha256:718c0a9f8509542d0674c15b01f362b2f10e8bc425db74444bda4e073e06e660",
                "sha256:737a70c994f5b34e437a6ca754957a7a0f6f76c59fa460fc59d1bd15b8f8cb32",
                "sha256:78cbc8eba442c9b8dc2d90c43ac477f0ee27467617704cd82d741b2eb061afb2",
                "sha256:7c4c5834789f718315cb25d1b95d18fde91b72a1a158cdc515d7f6380c1f02a3",
                "sha256:8aea55b1754430449d43823c8c4da2d5c7621ccd1fcd4c36231417762542d4ef",
                "sha256:a71dd742e3146be6fdded0b95a4b779f7d81595760eab32b0f718089573d3b86",
                "sha256:a785c30929a5d82f2fa1c60ec46d623d418b19981dc0c594da806d3901658e39",
                "sha256:a836f391d7dc1039f10d2ef58cdc6e271462d6898dacdae1bfabfc16ca295f2c",
                "sha256:aa81761ff674d2e2d591fc88d31835d3ecf65bddb021a522f4eaaae831c584cf",
                "sha256:aae7710fd24bcf33abed7ab7673dbb38ad48f20555835ff8c77258f07de46a87",
                "sha256:abadc6bf6b2c0a0be4370513221563afdbac3901d29fcdb7faf23b4e1ed26068",
                "sha256:c1dcfea87230e34d7d55f67959ed09d3e60e09b77c76996de151c32f1b780135",
                "sha256:c3cbff7cced3c42dbe71448ce6bf4202b4a2d305e78dd77e3f280ba6cd245138",
                "sha256:d7eab7d668f95a1a2ef443da17154834adf9c5ac742a5992d5ebecbdca7d943e",
                "sha256:d85ca17b070f7076ec2582324331cf3683c09146fd8bd2621e8d80d6c3a93bbf",
                "sha256:e19a03413cf36e86674857e519936b9c9e52059ba9f6e2ab0ec75d9a458277cb",
                "sha256:e48d908695abe05435250e0a083416cc49bd5afd46bc16a7ec8725771aad8eac",
                "sha256:e4d8d96c0a7265de8496250a2c2d02593da5e5e85ea24b5c54c2db028d74cf8c",
                "sha256:e9069faea64d3390d90d16e5b2bc0652d8eb979ccdfd555822d96bc8d93afda1",
                "sha256:eec40c522781a58839df6a2a7a2d9fbaa473419a3ab94633d61e00a8c0c768b7",
                "sha256:f57965a9d5882efdea0a2c87ae2f6c7dbc14591dcd0639209b50eec2b3ec947e",
                "sha256:fb21777cc9205b94f51688cdcba0924bdecbeb23dcf81473ff8c5352211e6e38"
            ],
            "index": "pypi",
            "version": "==2.0.11"
        },
        "typing-extensions": {
            "hashes": [
                "sha256:5cb5f4a79139d699607b3ef622a1dedafa84e115ab0024e0d9c044a9479ca7cb",
                "sha256:fb33085c39dd998ac16d1431ebc293a8b3eedd00fd4a32de0ff79002c19511b4"
            ],
            "markers": "python_version >= '3.7'",
            "version": "==4.5.0"
        }
    },
    "develop": {
        "py4j": {
            "hashes": [
                "sha256:0b6e5315bb3ada5cf62ac651d107bb2ebc02def3dee9d9548e3baac644ea8dbb",
                "sha256:85defdfd2b2376eb3abf5ca6474b51ab7e0de341c75a02f46dc9b5976f5a5c1b"
            ],
            "version": "==0.10.9.7"
        },
        "pyspark": {
            "hashes": [
                "sha256:167a23e11854adb37f8602de6fcc3a4f96fd5f1e323b9bb83325f38408c5aafd"
            ],
            "index": "pypi",
            "version": "==3.4.0"
        },
        "types-psycopg2": {
            "hashes": [
                "sha256:0332525fb9d3031d3da46f091e7d40b2c4d4958e9c00d2b4c1eaaa9f8ef9de4e",
                "sha256:388dc36a04551632289c4aaf1fc5b91e147654b165db896d094844e216f22bf5"
            ],
            "index": "pypi",
            "version": "==2.9.21.9"
        }
    }
}
